
Microsoft Visual Studio Solution File, Format Version 12.00
# Visual Studio Version 16
VisualStudioVersion = 16.0.36631.11
MinimumVisualStudioVersion = 10.0.40219.1
Project("{FAE04EC0-301F-11D3-BF4B-00C04F79EFBC}") = "app_prakerin", "app_prakerin.csproj", "{8C575697-465B-4544-835A-6A2DCCE737DB}"
EndProject
Global
	GlobalSection(SolutionConfigurationPlatforms) = preSolution
		Debug|Any CPU = Debug|Any CPU
		Release|Any CPU = Release|Any CPU
	EndGlobalSection
	GlobalSection(ProjectConfigurationPlatforms) = postSolution
		{8C575697-465B-4544-835A-6A2DCCE737DB}.Debug|Any CPU.ActiveCfg = Debug|Any CPU
		{8C575697-465B-4544-835A-6A2DCCE737DB}.Debug|Any CPU.Build.0 = Debug|Any CPU
		{8C575697-465B-4544-835A-6A2DCCE737DB}.Release|Any CPU.ActiveCfg = Release|Any CPU
		{8C575697-465B-4544-835A-6A2DCCE737DB}.Release|Any CPU.Build.0 = Release|Any CPU
	EndGlobalSection
	GlobalSection(SolutionProperties) = preSolution
		HideSolutionNode = FALSE
	EndGlobalSection
	GlobalSection(ExtensibilityGlobals) = postSolution
		SolutionGuid = {90242A25-4AEF-4E60-888D-A5A300F41894}
	EndGlobalSection
EndGlobal
